# This file was autogenerated by Stack.
# You should not edit this file by hand.
# For more information, please see the documentation at:
#   https://docs.haskellstack.org/en/stable/lock_files

packages: []
snapshots:
- completed:
    size: 533053
    url: https://raw.githubusercontent.com/commercialhaskell/stackage-snapshots/master/lts/16/29.yaml
    sha256: eb8ccc595466edefb9a679f19aec2e283d12f4c6ea5eefded1ebe8bd157d77d1
  original: lts-16.29
