# This file was autogenerated by Stack.
# You should not edit this file by hand.
# For more information, please see the documentation at:
#   https://docs.haskellstack.org/en/stable/lock_files

packages: []
snapshots:
- completed:
    size: 527399
    url: https://raw.githubusercontent.com/commercialhaskell/stackage-snapshots/master/lts/11/15.yaml
    sha256: 0b3414e7386aabefc50e2fb18052a8d296cdb857c4b3621d4b746963162aa993
  original: lts-11.15
