# This file was autogenerated by Stack.
# You should not edit this file by hand.
# For more information, please see the documentation at:
#   https://docs.haskellstack.org/en/stable/lock_files

packages:
- completed:
    cabal-file:
      size: 1027
      sha256: acc984f54c9093008c7418ea4bd606c2fa8328de1977bb80415627ac1123fe1e
    name: slick-live
    version: 0.1.0.0
    git: git@github.com:sigrlami/slick-live.git
    pantry-tree:
      size: 471
      sha256: 110e83d9a565a8427a2726de8b97928c066a1879c0a940ab9b3fb75b0834ea7a
    commit: 988f0db39ab0073c9c41fe982889a66991b4fef9
  original:
    git: git@github.com:sigrlami/slick-live.git
    commit: 988f0db39ab0073c9c41fe982889a66991b4fef9
snapshots:
- completed:
    size: 527399
    url: https://raw.githubusercontent.com/commercialhaskell/stackage-snapshots/master/lts/11/15.yaml
    sha256: 0b3414e7386aabefc50e2fb18052a8d296cdb857c4b3621d4b746963162aa993
  original: lts-11.15
