# This file was autogenerated by Stack.
# You should not edit this file by hand.
# For more information, please see the documentation at:
#   https://docs.haskellstack.org/en/stable/lock_files

packages:
- completed:
    cabal-file:
      size: 1027
      sha256: acc984f54c9093008c7418ea4bd606c2fa8328de1977bb80415627ac1123fe1e
    name: slick-live
    version: 0.1.0.0
    git: git@gitlab.com:migamake/slick-live.git
    pantry-tree:
      size: 412
      sha256: 5e0b7680d155c490ac1d229b47a6259de01666a0458a87c46f8c75688fa3cb8c
    commit: a563b66c10b308959808fbb44632c29577287788
  original:
    git: git@gitlab.com:migamake/slick-live.git
    commit: a563b66c10b308959808fbb44632c29577287788
snapshots:
- completed:
    size: 527399
    url: https://raw.githubusercontent.com/commercialhaskell/stackage-snapshots/master/lts/11/15.yaml
    sha256: 0b3414e7386aabefc50e2fb18052a8d296cdb857c4b3621d4b746963162aa993
  original: lts-11.15
